<?xml version="1.0" encoding="UTF-8"?>
<!DOCTYPE plist PUBLIC "-//Apple//DTD PLIST 1.0//EN" "http://www.apple.com/DTDs/PropertyList-1.0.dtd">
<plist version="1.0">
<dict>
	<key>archiveVersion</key>
	<string>1</string>
	<key>classes</key>
	<dict/>
	<key>objectVersion</key>
	<string>46</string>
	<key>objects</key>
	<dict>
		<key>04684b8dc6cf480bb7ccb2e6</key>
		<dict>
			<key>explicitFileType</key>
			<string>wrapper.application</string>
			<key>includeInIndex</key>
			<string>0</string>
			<key>isa</key>
			<string>PBXFileReference</string>
			<key>path</key>
			<string>SwipeableExample-cal.app</string>
			<key>sourceTree</key>
			<string>BUILT_PRODUCTS_DIR</string>
		</dict>
		<key>048402b29c640bab6c923079</key>
		<dict>
			<key>fileRef</key>
			<string>E2C99D0711C8CF8F00FA14C3</string>
			<key>isa</key>
			<string>PBXBuildFile</string>
		</dict>
		<key>080E96DDFE201D6D7F000001</key>
		<dict>
			<key>children</key>
			<array>
				<string>E2C99D9511C8D3BA00FA14C3</string>
				<string>E2C99D9211C8D3B000FA14C3</string>
			</array>
			<key>isa</key>
			<string>PBXGroup</string>
			<key>path</key>
			<string>Classes</string>
			<key>sourceTree</key>
			<string>&lt;group&gt;</string>
		</dict>
		<key>19C28FACFE9D520D11CA2CBB</key>
		<dict>
			<key>children</key>
			<array>
				<string>1D6058910D05DD3D006BFB54</string>
			</array>
			<key>isa</key>
			<string>PBXGroup</string>
			<key>name</key>
			<string>Products</string>
			<key>sourceTree</key>
			<string>&lt;group&gt;</string>
		</dict>
		<key>19d66308883ac6aaaa7edc22</key>
		<dict>
			<key>buildSettings</key>
			<dict>
				<key>ALWAYS_SEARCH_USER_PATHS</key>
				<string>NO</string>
				<key>CLANG_ENABLE_OBJC_ARC</key>
				<string>YES</string>
				<key>COPY_PHASE_STRIP</key>
				<string>NO</string>
				<key>FRAMEWORK_SEARCH_PATHS</key>
				<array>
					<string>$(inherited)</string>
					<string>"$(SRCROOT)"</string>
				</array>
				<key>GCC_DYNAMIC_NO_PIC</key>
				<string>NO</string>
				<key>GCC_OPTIMIZATION_LEVEL</key>
				<string>0</string>
				<key>GCC_PRECOMPILE_PREFIX_HEADER</key>
				<string>YES</string>
				<key>GCC_PREFIX_HEADER</key>
				<string>SwipeableExample_Prefix.pch</string>
				<key>GCC_VERSION</key>
				<string>com.apple.compilers.llvm.clang.1_0</string>
				<key>INFOPLIST_FILE</key>
				<string>SwipeableExample-Info.plist</string>
				<key>IPHONEOS_DEPLOYMENT_TARGET</key>
				<string>5.0</string>
				<key>OTHER_LDFLAGS</key>
				<array>
					<string>$(inherited)</string>
					<string>-force_load</string>
					<string>"$(SRCROOT)/calabash.framework/calabash"</string>
					<string>-lstdc++</string>
				</array>
				<key>PRODUCT_NAME</key>
				<string>SwipeableExample</string>
			</dict>
			<key>isa</key>
			<string>XCBuildConfiguration</string>
			<key>name</key>
			<string>Debug</string>
		</dict>
		<key>1D30AB110D05D00D00671497</key>
		<dict>
			<key>isa</key>
			<string>PBXFileReference</string>
			<key>lastKnownFileType</key>
			<string>wrapper.framework</string>
			<key>name</key>
			<string>Foundation.framework</string>
			<key>path</key>
			<string>System/Library/Frameworks/Foundation.framework</string>
			<key>sourceTree</key>
			<string>SDKROOT</string>
		</dict>
		<key>1D3623240D0F684500981E51</key>
		<dict>
			<key>fileEncoding</key>
			<string>4</string>
			<key>isa</key>
			<string>PBXFileReference</string>
			<key>lastKnownFileType</key>
			<string>sourcecode.c.h</string>
			<key>path</key>
			<string>SwipeableExampleAppDelegate.h</string>
			<key>sourceTree</key>
			<string>&lt;group&gt;</string>
		</dict>
		<key>1D3623250D0F684500981E51</key>
		<dict>
			<key>fileEncoding</key>
			<string>4</string>
			<key>isa</key>
			<string>PBXFileReference</string>
			<key>lastKnownFileType</key>
			<string>sourcecode.c.objc</string>
			<key>path</key>
			<string>SwipeableExampleAppDelegate.m</string>
			<key>sourceTree</key>
			<string>&lt;group&gt;</string>
		</dict>
		<key>1D3623260D0F684500981E51</key>
		<dict>
			<key>fileRef</key>
			<string>1D3623250D0F684500981E51</string>
			<key>isa</key>
			<string>PBXBuildFile</string>
		</dict>
		<key>1D60588D0D05DD3D006BFB54</key>
		<dict>
			<key>buildActionMask</key>
			<string>2147483647</string>
			<key>files</key>
			<array>
				<string>E2C99D0811C8CF8F00FA14C3</string>
				<string>E2C99D6911C8D25300FA14C3</string>
				<string>E230196616C53BE2001685F6</string>
			</array>
			<key>isa</key>
			<string>PBXResourcesBuildPhase</string>
			<key>runOnlyForDeploymentPostprocessing</key>
			<string>0</string>
		</dict>
		<key>1D60588E0D05DD3D006BFB54</key>
		<dict>
			<key>buildActionMask</key>
			<string>2147483647</string>
			<key>files</key>
			<array>
				<string>1D60589B0D05DD56006BFB54</string>
				<string>1D3623260D0F684500981E51</string>
				<string>28C286E10D94DF7D0034E888</string>
				<string>E2C99CDC11C8CC3B00FA14C3</string>
				<string>E238A58B125BED4500055319</string>
			</array>
			<key>isa</key>
			<string>PBXSourcesBuildPhase</string>
			<key>runOnlyForDeploymentPostprocessing</key>
			<string>0</string>
		</dict>
		<key>1D60588F0D05DD3D006BFB54</key>
		<dict>
			<key>buildActionMask</key>
			<string>2147483647</string>
			<key>files</key>
			<array>
				<string>1D60589F0D05DD5A006BFB54</string>
				<string>1DF5F4E00D08C38300B7A737</string>
				<string>2892E4100DC94CBA00A64D0F</string>
				<string>E24E6A4711E532710082E0CD</string>
				<string>E204DB5F12ADC1820063A748</string>
			</array>
			<key>isa</key>
			<string>PBXFrameworksBuildPhase</string>
			<key>runOnlyForDeploymentPostprocessing</key>
			<string>0</string>
		</dict>
		<key>1D6058900D05DD3D006BFB54</key>
		<dict>
			<key>buildConfigurationList</key>
			<string>1D6058960D05DD3E006BFB54</string>
			<key>buildPhases</key>
			<array>
				<string>1D60588D0D05DD3D006BFB54</string>
				<string>1D60588E0D05DD3D006BFB54</string>
				<string>1D60588F0D05DD3D006BFB54</string>
			</array>
			<key>buildRules</key>
			<array/>
			<key>dependencies</key>
			<array/>
			<key>isa</key>
			<string>PBXNativeTarget</string>
			<key>name</key>
			<string>SwipeableExample</string>
			<key>productName</key>
			<string>SwipeableExample</string>
			<key>productReference</key>
			<string>1D6058910D05DD3D006BFB54</string>
			<key>productType</key>
			<string>com.apple.product-type.application</string>
		</dict>
		<key>1D6058910D05DD3D006BFB54</key>
		<dict>
			<key>explicitFileType</key>
			<string>wrapper.application</string>
			<key>includeInIndex</key>
			<string>0</string>
			<key>isa</key>
			<string>PBXFileReference</string>
			<key>path</key>
			<string>SwipeableExample.app</string>
			<key>sourceTree</key>
			<string>BUILT_PRODUCTS_DIR</string>
		</dict>
		<key>1D6058940D05DD3E006BFB54</key>
		<dict>
			<key>buildSettings</key>
			<dict>
				<key>ALWAYS_SEARCH_USER_PATHS</key>
				<string>NO</string>
				<key>CLANG_ENABLE_OBJC_ARC</key>
				<string>YES</string>
				<key>COPY_PHASE_STRIP</key>
				<string>NO</string>
				<key>GCC_DYNAMIC_NO_PIC</key>
				<string>NO</string>
				<key>GCC_OPTIMIZATION_LEVEL</key>
				<string>0</string>
				<key>GCC_PRECOMPILE_PREFIX_HEADER</key>
				<string>YES</string>
				<key>GCC_PREFIX_HEADER</key>
				<string>SwipeableExample_Prefix.pch</string>
				<key>GCC_VERSION</key>
				<string>com.apple.compilers.llvm.clang.1_0</string>
				<key>INFOPLIST_FILE</key>
				<string>SwipeableExample-Info.plist</string>
				<key>IPHONEOS_DEPLOYMENT_TARGET</key>
				<string>5.0</string>
				<key>PRODUCT_NAME</key>
				<string>SwipeableExample</string>
			</dict>
			<key>isa</key>
			<string>XCBuildConfiguration</string>
			<key>name</key>
			<string>Debug</string>
		</dict>
		<key>1D6058950D05DD3E006BFB54</key>
		<dict>
			<key>buildSettings</key>
			<dict>
				<key>ALWAYS_SEARCH_USER_PATHS</key>
				<string>NO</string>
				<key>CLANG_ENABLE_OBJC_ARC</key>
				<string>YES</string>
				<key>COPY_PHASE_STRIP</key>
				<string>YES</string>
				<key>GCC_PRECOMPILE_PREFIX_HEADER</key>
				<string>YES</string>
				<key>GCC_PREFIX_HEADER</key>
				<string>SwipeableExample_Prefix.pch</string>
				<key>GCC_VERSION</key>
				<string>com.apple.compilers.llvm.clang.1_0</string>
				<key>INFOPLIST_FILE</key>
				<string>SwipeableExample-Info.plist</string>
				<key>IPHONEOS_DEPLOYMENT_TARGET</key>
				<string>5.0</string>
				<key>PRODUCT_NAME</key>
				<string>SwipeableExample</string>
				<key>VALIDATE_PRODUCT</key>
				<string>YES</string>
			</dict>
			<key>isa</key>
			<string>XCBuildConfiguration</string>
			<key>name</key>
			<string>Release</string>
		</dict>
		<key>1D6058960D05DD3E006BFB54</key>
		<dict>
			<key>buildConfigurations</key>
			<array>
				<string>1D6058940D05DD3E006BFB54</string>
				<string>1D6058950D05DD3E006BFB54</string>
			</array>
			<key>defaultConfigurationIsVisible</key>
			<string>0</string>
			<key>defaultConfigurationName</key>
			<string>Release</string>
			<key>isa</key>
			<string>XCConfigurationList</string>
		</dict>
		<key>1D60589B0D05DD56006BFB54</key>
		<dict>
			<key>fileRef</key>
			<string>29B97316FDCFA39411CA2CEA</string>
			<key>isa</key>
			<string>PBXBuildFile</string>
		</dict>
		<key>1D60589F0D05DD5A006BFB54</key>
		<dict>
			<key>fileRef</key>
			<string>1D30AB110D05D00D00671497</string>
			<key>isa</key>
			<string>PBXBuildFile</string>
		</dict>
		<key>1DF5F4DF0D08C38300B7A737</key>
		<dict>
			<key>isa</key>
			<string>PBXFileReference</string>
			<key>lastKnownFileType</key>
			<string>wrapper.framework</string>
			<key>name</key>
			<string>UIKit.framework</string>
			<key>path</key>
			<string>System/Library/Frameworks/UIKit.framework</string>
			<key>sourceTree</key>
			<string>SDKROOT</string>
		</dict>
		<key>1DF5F4E00D08C38300B7A737</key>
		<dict>
			<key>fileRef</key>
			<string>1DF5F4DF0D08C38300B7A737</string>
			<key>isa</key>
			<string>PBXBuildFile</string>
		</dict>
		<key>2892E40F0DC94CBA00A64D0F</key>
		<dict>
			<key>isa</key>
			<string>PBXFileReference</string>
			<key>lastKnownFileType</key>
			<string>wrapper.framework</string>
			<key>name</key>
			<string>CoreGraphics.framework</string>
			<key>path</key>
			<string>System/Library/Frameworks/CoreGraphics.framework</string>
			<key>sourceTree</key>
			<string>SDKROOT</string>
		</dict>
		<key>2892E4100DC94CBA00A64D0F</key>
		<dict>
			<key>fileRef</key>
			<string>2892E40F0DC94CBA00A64D0F</string>
			<key>isa</key>
			<string>PBXBuildFile</string>
		</dict>
		<key>28A0AAE50D9B0CCF005BE974</key>
		<dict>
			<key>fileEncoding</key>
			<string>4</string>
			<key>isa</key>
			<string>PBXFileReference</string>
			<key>lastKnownFileType</key>
			<string>sourcecode.c.h</string>
			<key>path</key>
			<string>SwipeableExample_Prefix.pch</string>
			<key>sourceTree</key>
			<string>&lt;group&gt;</string>
		</dict>
		<key>28C286DF0D94DF7D0034E888</key>
		<dict>
			<key>fileEncoding</key>
			<string>4</string>
			<key>isa</key>
			<string>PBXFileReference</string>
			<key>lastKnownFileType</key>
			<string>sourcecode.c.h</string>
			<key>path</key>
			<string>RootViewController.h</string>
			<key>sourceTree</key>
			<string>&lt;group&gt;</string>
		</dict>
		<key>28C286E00D94DF7D0034E888</key>
		<dict>
			<key>fileEncoding</key>
			<string>4</string>
			<key>isa</key>
			<string>PBXFileReference</string>
			<key>lastKnownFileType</key>
			<string>sourcecode.c.objc</string>
			<key>path</key>
			<string>RootViewController.m</string>
			<key>sourceTree</key>
			<string>&lt;group&gt;</string>
		</dict>
		<key>28C286E10D94DF7D0034E888</key>
		<dict>
			<key>fileRef</key>
			<string>28C286E00D94DF7D0034E888</string>
			<key>isa</key>
			<string>PBXBuildFile</string>
		</dict>
		<key>29B97313FDCFA39411CA2CEA</key>
		<dict>
			<key>attributes</key>
			<dict>
				<key>LastUpgradeCheck</key>
				<string>0460</string>
			</dict>
			<key>buildConfigurationList</key>
			<string>C01FCF4E08A954540054247B</string>
			<key>compatibilityVersion</key>
			<string>Xcode 3.2</string>
			<key>developmentRegion</key>
			<string>English</string>
			<key>hasScannedForEncodings</key>
			<string>1</string>
			<key>isa</key>
			<string>PBXProject</string>
			<key>knownRegions</key>
			<array>
				<string>English</string>
				<string>Japanese</string>
				<string>French</string>
				<string>German</string>
				<string>en</string>
			</array>
			<key>mainGroup</key>
			<string>29B97314FDCFA39411CA2CEA</string>
			<key>projectDirPath</key>
			<string></string>
			<key>projectRoot</key>
			<string></string>
			<key>targets</key>
			<array>
				<string>1D6058900D05DD3D006BFB54</string>
				<string>d10bc8bdc690d81bc71361fb</string>
			</array>
		</dict>
		<key>29B97314FDCFA39411CA2CEA</key>
		<dict>
			<key>children</key>
			<array>
				<string>E230196516C53BE2001685F6</string>
				<string>080E96DDFE201D6D7F000001</string>
				<string>29B97315FDCFA39411CA2CEA</string>
				<string>29B97317FDCFA39411CA2CEA</string>
				<string>29B97323FDCFA39411CA2CEA</string>
				<string>19C28FACFE9D520D11CA2CBB</string>
			</array>
			<key>isa</key>
			<string>PBXGroup</string>
			<key>name</key>
			<string>CustomTemplate</string>
			<key>sourceTree</key>
			<string>&lt;group&gt;</string>
		</dict>
		<key>29B97315FDCFA39411CA2CEA</key>
		<dict>
			<key>children</key>
			<array>
				<string>28A0AAE50D9B0CCF005BE974</string>
				<string>29B97316FDCFA39411CA2CEA</string>
			</array>
			<key>isa</key>
			<string>PBXGroup</string>
			<key>name</key>
			<string>Other Sources</string>
			<key>sourceTree</key>
			<string>&lt;group&gt;</string>
		</dict>
		<key>29B97316FDCFA39411CA2CEA</key>
		<dict>
			<key>fileEncoding</key>
			<string>4</string>
			<key>isa</key>
			<string>PBXFileReference</string>
			<key>lastKnownFileType</key>
			<string>sourcecode.c.objc</string>
			<key>path</key>
			<string>main.m</string>
			<key>sourceTree</key>
			<string>&lt;group&gt;</string>
		</dict>
		<key>29B97317FDCFA39411CA2CEA</key>
		<dict>
			<key>children</key>
			<array>
				<string>E2C99D6811C8D25300FA14C3</string>
				<string>E2C99D0711C8CF8F00FA14C3</string>
				<string>8D1107310486CEB800E47090</string>
			</array>
			<key>isa</key>
			<string>PBXGroup</string>
			<key>name</key>
			<string>Resources</string>
			<key>sourceTree</key>
			<string>&lt;group&gt;</string>
		</dict>
		<key>29B97323FDCFA39411CA2CEA</key>
		<dict>
			<key>children</key>
			<array>
				<string>E204DB5E12ADC1820063A748</string>
				<string>1DF5F4DF0D08C38300B7A737</string>
				<string>1D30AB110D05D00D00671497</string>
				<string>2892E40F0DC94CBA00A64D0F</string>
				<string>E24E6A4611E532710082E0CD</string>
				<string>682185baae47a592f06e7a92</string>
				<string>a13fb4b42c1ed970acb3fbbe</string>
			</array>
			<key>isa</key>
			<string>PBXGroup</string>
			<key>name</key>
			<string>Frameworks</string>
			<key>path</key>
			<string></string>
			<key>sourceTree</key>
			<string>&lt;group&gt;</string>
		</dict>
		<key>2e8977d28e0de75c9bc6d54d</key>
		<dict>
			<key>fileRef</key>
			<string>a13fb4b42c1ed970acb3fbbe</string>
			<key>isa</key>
			<string>PBXBuildFile</string>
		</dict>
		<key>2fc4faf8cb7a19b1b9b1cf7d</key>
		<dict>
			<key>buildActionMask</key>
			<string>2147483647</string>
			<key>files</key>
			<array>
				<string>048402b29c640bab6c923079</string>
				<string>5f3ed14182097b3ecc255aa4</string>
				<string>8b5443c62d264a3675679986</string>
			</array>
			<key>isa</key>
			<string>PBXResourcesBuildPhase</string>
			<key>runOnlyForDeploymentPostprocessing</key>
			<string>0</string>
		</dict>
		<key>35940750111132ea974aa342</key>
		<dict>
			<key>buildActionMask</key>
			<string>2147483647</string>
			<key>files</key>
			<array>
				<string>d7d3b8fc2c3a763cc5be7511</string>
				<string>bf86cebad8f6014ba2a7551c</string>
				<string>99f19b9b24b35ea0c6d656ab</string>
				<string>74d2d543e84d343427d85375</string>
				<string>e78769b0ce6dc05f64af9043</string>
				<string>3605d07c238c8e1ad3aa6f9d</string>
				<string>2e8977d28e0de75c9bc6d54d</string>
			</array>
			<key>isa</key>
			<string>PBXFrameworksBuildPhase</string>
			<key>runOnlyForDeploymentPostprocessing</key>
			<string>0</string>
		</dict>
		<key>3605d07c238c8e1ad3aa6f9d</key>
		<dict>
			<key>fileRef</key>
			<string>682185baae47a592f06e7a92</string>
			<key>isa</key>
			<string>PBXBuildFile</string>
		</dict>
		<key>49f52db962a73dc3bebfce68</key>
		<dict>
			<key>fileRef</key>
			<string>1D3623250D0F684500981E51</string>
			<key>isa</key>
			<string>PBXBuildFile</string>
		</dict>
		<key>5d584e335d64ee6638cc3cea</key>
		<dict>
			<key>buildConfigurations</key>
			<array>
				<string>19d66308883ac6aaaa7edc22</string>
				<string>68123e25491d630d51869a62</string>
			</array>
			<key>defaultConfigurationIsVisible</key>
			<string>0</string>
			<key>defaultConfigurationName</key>
			<string>Release</string>
			<key>isa</key>
			<string>XCConfigurationList</string>
		</dict>
		<key>5f3ed14182097b3ecc255aa4</key>
		<dict>
			<key>fileRef</key>
			<string>E2C99D6811C8D25300FA14C3</string>
			<key>isa</key>
			<string>PBXBuildFile</string>
		</dict>
		<key>68123e25491d630d51869a62</key>
		<dict>
			<key>buildSettings</key>
			<dict>
				<key>ALWAYS_SEARCH_USER_PATHS</key>
				<string>NO</string>
				<key>CLANG_ENABLE_OBJC_ARC</key>
				<string>YES</string>
				<key>COPY_PHASE_STRIP</key>
				<string>YES</string>
				<key>FRAMEWORK_SEARCH_PATHS</key>
				<array>
					<string>$(inherited)</string>
					<string>"$(SRCROOT)"</string>
				</array>
				<key>GCC_PRECOMPILE_PREFIX_HEADER</key>
				<string>YES</string>
				<key>GCC_PREFIX_HEADER</key>
				<string>SwipeableExample_Prefix.pch</string>
				<key>GCC_VERSION</key>
				<string>com.apple.compilers.llvm.clang.1_0</string>
				<key>INFOPLIST_FILE</key>
				<string>SwipeableExample-Info.plist</string>
				<key>IPHONEOS_DEPLOYMENT_TARGET</key>
				<string>5.0</string>
				<key>OTHER_LDFLAGS</key>
				<array>
					<string>$(inherited)</string>
					<string>-force_load</string>
					<string>"$(SRCROOT)/calabash.framework/calabash"</string>
					<string>-lstdc++</string>
				</array>
				<key>PRODUCT_NAME</key>
				<string>SwipeableExample</string>
				<key>VALIDATE_PRODUCT</key>
				<string>YES</string>
			</dict>
			<key>isa</key>
			<string>XCBuildConfiguration</string>
			<key>name</key>
			<string>Release</string>
		</dict>
		<key>682185baae47a592f06e7a92</key>
		<dict>
			<key>fileEncoding</key>
			<string>4</string>
			<key>isa</key>
			<string>PBXFileReference</string>
			<key>lastKnownFileType</key>
			<string>wrapper.framework</string>
			<key>name</key>
			<string>CFNetwork.framework</string>
			<key>path</key>
			<string>System/Library/Frameworks/CFNetwork.framework</string>
			<key>sourceTree</key>
			<string>SDKROOT</string>
		</dict>
		<key>6916e841859e55c16c5aa1ec</key>
		<dict>
			<key>fileRef</key>
			<string>29B97316FDCFA39411CA2CEA</string>
			<key>isa</key>
			<string>PBXBuildFile</string>
		</dict>
		<key>74d2d543e84d343427d85375</key>
		<dict>
			<key>fileRef</key>
			<string>E24E6A4611E532710082E0CD</string>
			<key>isa</key>
			<string>PBXBuildFile</string>
		</dict>
		<key>7f68c9dcb3e3f95f7020c9b6</key>
		<dict>
			<key>fileRef</key>
			<string>E2C99CDB11C8CC3B00FA14C3</string>
			<key>isa</key>
			<string>PBXBuildFile</string>
		</dict>
		<key>8D1107310486CEB800E47090</key>
		<dict>
			<key>fileEncoding</key>
			<string>4</string>
			<key>isa</key>
			<string>PBXFileReference</string>
			<key>lastKnownFileType</key>
			<string>text.plist.xml</string>
			<key>path</key>
			<string>SwipeableExample-Info.plist</string>
			<key>plistStructureDefinitionIdentifier</key>
			<string>com.apple.xcode.plist.structure-definition.iphone.info-plist</string>
			<key>sourceTree</key>
			<string>&lt;group&gt;</string>
		</dict>
		<key>8b5443c62d264a3675679986</key>
		<dict>
			<key>fileRef</key>
			<string>E230196516C53BE2001685F6</string>
			<key>isa</key>
			<string>PBXBuildFile</string>
		</dict>
		<key>99f19b9b24b35ea0c6d656ab</key>
		<dict>
			<key>fileRef</key>
			<string>2892E40F0DC94CBA00A64D0F</string>
			<key>isa</key>
			<string>PBXBuildFile</string>
		</dict>
		<key>C01FCF4E08A954540054247B</key>
		<dict>
			<key>buildConfigurations</key>
			<array>
				<string>C01FCF4F08A954540054247B</string>
				<string>C01FCF5008A954540054247B</string>
			</array>
			<key>defaultConfigurationIsVisible</key>
			<string>0</string>
			<key>defaultConfigurationName</key>
			<string>Release</string>
			<key>isa</key>
			<string>XCConfigurationList</string>
		</dict>
		<key>C01FCF4F08A954540054247B</key>
		<dict>
			<key>buildSettings</key>
			<dict>
				<key>ARCHS</key>
				<string>$(ARCHS_STANDARD_32_BIT)</string>
				<key>CODE_SIGN_IDENTITY[sdk=iphoneos*]</key>
				<string>iPhone Developer</string>
				<key>GCC_C_LANGUAGE_STANDARD</key>
				<string>c99</string>
				<key>GCC_WARN_ABOUT_RETURN_TYPE</key>
				<string>YES</string>
				<key>GCC_WARN_UNUSED_VARIABLE</key>
				<string>YES</string>
				<key>IPHONEOS_DEPLOYMENT_TARGET</key>
				<string>4.0</string>
				<key>SDKROOT</key>
				<string>iphoneos</string>
			</dict>
			<key>isa</key>
			<string>XCBuildConfiguration</string>
			<key>name</key>
			<string>Debug</string>
		</dict>
		<key>C01FCF5008A954540054247B</key>
		<dict>
			<key>buildSettings</key>
			<dict>
				<key>ARCHS</key>
				<string>$(ARCHS_STANDARD_32_BIT)</string>
				<key>CODE_SIGN_IDENTITY[sdk=iphoneos*]</key>
				<string>iPhone Developer</string>
				<key>GCC_C_LANGUAGE_STANDARD</key>
				<string>c99</string>
				<key>GCC_WARN_ABOUT_RETURN_TYPE</key>
				<string>YES</string>
				<key>GCC_WARN_UNUSED_VARIABLE</key>
				<string>YES</string>
				<key>IPHONEOS_DEPLOYMENT_TARGET</key>
				<string>4.0</string>
				<key>OTHER_CFLAGS</key>
				<string>-DNS_BLOCK_ASSERTIONS=1</string>
				<key>SDKROOT</key>
				<string>iphoneos</string>
			</dict>
			<key>isa</key>
			<string>XCBuildConfiguration</string>
			<key>name</key>
			<string>Release</string>
		</dict>
		<key>E204DB5E12ADC1820063A748</key>
		<dict>
			<key>isa</key>
			<string>PBXFileReference</string>
			<key>lastKnownFileType</key>
			<string>wrapper.framework</string>
			<key>name</key>
			<string>AudioToolbox.framework</string>
			<key>path</key>
			<string>System/Library/Frameworks/AudioToolbox.framework</string>
			<key>sourceTree</key>
			<string>SDKROOT</string>
		</dict>
		<key>E204DB5F12ADC1820063A748</key>
		<dict>
			<key>fileRef</key>
			<string>E204DB5E12ADC1820063A748</string>
			<key>isa</key>
			<string>PBXBuildFile</string>
		</dict>
		<key>E230196516C53BE2001685F6</key>
		<dict>
			<key>isa</key>
			<string>PBXFileReference</string>
			<key>lastKnownFileType</key>
			<string>image.png</string>
			<key>path</key>
			<string>Default-568h@2x.png</string>
			<key>sourceTree</key>
			<string>&lt;group&gt;</string>
		</dict>
		<key>E230196616C53BE2001685F6</key>
		<dict>
			<key>fileRef</key>
			<string>E230196516C53BE2001685F6</string>
			<key>isa</key>
			<string>PBXBuildFile</string>
		</dict>
		<key>E238A589125BED4500055319</key>
		<dict>
			<key>fileEncoding</key>
			<string>4</string>
			<key>isa</key>
			<string>PBXFileReference</string>
			<key>lastKnownFileType</key>
			<string>sourcecode.c.h</string>
			<key>name</key>
			<string>TISwipeableTableView.h</string>
			<key>path</key>
			<string>../TISwipeableTableView.h</string>
			<key>sourceTree</key>
			<string>SOURCE_ROOT</string>
		</dict>
		<key>E238A58A125BED4500055319</key>
		<dict>
			<key>fileEncoding</key>
			<string>4</string>
			<key>isa</key>
			<string>PBXFileReference</string>
			<key>lastKnownFileType</key>
			<string>sourcecode.c.objc</string>
			<key>name</key>
			<string>TISwipeableTableView.m</string>
			<key>path</key>
			<string>../TISwipeableTableView.m</string>
			<key>sourceTree</key>
			<string>SOURCE_ROOT</string>
		</dict>
		<key>E238A58B125BED4500055319</key>
		<dict>
			<key>fileRef</key>
			<string>E238A58A125BED4500055319</string>
			<key>isa</key>
			<string>PBXBuildFile</string>
		</dict>
		<key>E24E6A4611E532710082E0CD</key>
		<dict>
			<key>isa</key>
			<string>PBXFileReference</string>
			<key>lastKnownFileType</key>
			<string>wrapper.framework</string>
			<key>name</key>
			<string>QuartzCore.framework</string>
			<key>path</key>
			<string>System/Library/Frameworks/QuartzCore.framework</string>
			<key>sourceTree</key>
			<string>SDKROOT</string>
		</dict>
		<key>E24E6A4711E532710082E0CD</key>
		<dict>
			<key>fileRef</key>
			<string>E24E6A4611E532710082E0CD</string>
			<key>isa</key>
			<string>PBXBuildFile</string>
		</dict>
		<key>E2C99CDA11C8CC3B00FA14C3</key>
		<dict>
			<key>fileEncoding</key>
			<string>4</string>
			<key>isa</key>
			<string>PBXFileReference</string>
			<key>lastKnownFileType</key>
			<string>sourcecode.c.h</string>
			<key>path</key>
			<string>ExampleCell.h</string>
			<key>sourceTree</key>
			<string>&lt;group&gt;</string>
		</dict>
		<key>E2C99CDB11C8CC3B00FA14C3</key>
		<dict>
			<key>fileEncoding</key>
			<string>4</string>
			<key>isa</key>
			<string>PBXFileReference</string>
			<key>lastKnownFileType</key>
			<string>sourcecode.c.objc</string>
			<key>path</key>
			<string>ExampleCell.m</string>
			<key>sourceTree</key>
			<string>&lt;group&gt;</string>
		</dict>
		<key>E2C99CDC11C8CC3B00FA14C3</key>
		<dict>
			<key>fileRef</key>
			<string>E2C99CDB11C8CC3B00FA14C3</string>
			<key>isa</key>
			<string>PBXBuildFile</string>
		</dict>
		<key>E2C99D0711C8CF8F00FA14C3</key>
		<dict>
			<key>isa</key>
			<string>PBXFileReference</string>
			<key>lastKnownFileType</key>
			<string>image.png</string>
			<key>path</key>
			<string>meshpattern.png</string>
			<key>sourceTree</key>
			<string>&lt;group&gt;</string>
		</dict>
		<key>E2C99D0811C8CF8F00FA14C3</key>
		<dict>
			<key>fileRef</key>
			<string>E2C99D0711C8CF8F00FA14C3</string>
			<key>isa</key>
			<string>PBXBuildFile</string>
		</dict>
		<key>E2C99D6811C8D25300FA14C3</key>
		<dict>
			<key>isa</key>
			<string>PBXFileReference</string>
			<key>lastKnownFileType</key>
			<string>audio.wav</string>
			<key>path</key>
			<string>tick.wav</string>
			<key>sourceTree</key>
			<string>&lt;group&gt;</string>
		</dict>
		<key>E2C99D6911C8D25300FA14C3</key>
		<dict>
			<key>fileRef</key>
			<string>E2C99D6811C8D25300FA14C3</string>
			<key>isa</key>
			<string>PBXBuildFile</string>
		</dict>
		<key>E2C99D9211C8D3B000FA14C3</key>
		<dict>
			<key>children</key>
			<array>
				<string>E238A589125BED4500055319</string>
				<string>E238A58A125BED4500055319</string>
				<string>E2C99CDA11C8CC3B00FA14C3</string>
				<string>E2C99CDB11C8CC3B00FA14C3</string>
			</array>
			<key>isa</key>
			<string>PBXGroup</string>
			<key>name</key>
			<string>TableviewStuff</string>
			<key>sourceTree</key>
			<string>&lt;group&gt;</string>
		</dict>
		<key>E2C99D9511C8D3BA00FA14C3</key>
		<dict>
			<key>children</key>
			<array>
				<string>1D3623240D0F684500981E51</string>
				<string>1D3623250D0F684500981E51</string>
				<string>28C286DF0D94DF7D0034E888</string>
				<string>28C286E00D94DF7D0034E888</string>
			</array>
			<key>isa</key>
			<string>PBXGroup</string>
			<key>name</key>
			<string>AppStuff</string>
			<key>sourceTree</key>
			<string>&lt;group&gt;</string>
		</dict>
		<key>a13fb4b42c1ed970acb3fbbe</key>
		<dict>
			<key>fileEncoding</key>
			<string>4</string>
			<key>isa</key>
			<string>PBXFileReference</string>
			<key>lastKnownFileType</key>
			<string>wrapper.framework</string>
			<key>name</key>
			<string>calabash.framework</string>
			<key>path</key>
			<string>calabash.framework</string>
			<key>sourceTree</key>
			<string>&lt;group&gt;</string>
		</dict>
		<key>b8a878c07251c694447198f6</key>
		<dict>
			<key>buildActionMask</key>
			<string>2147483647</string>
			<key>files</key>
			<array>
				<string>6916e841859e55c16c5aa1ec</string>
				<string>49f52db962a73dc3bebfce68</string>
				<string>ffa8bb52515b5211fd24c072</string>
				<string>7f68c9dcb3e3f95f7020c9b6</string>
				<string>cfcaed7ad4eeff9c7bb36289</string>
			</array>
			<key>isa</key>
			<string>PBXSourcesBuildPhase</string>
			<key>runOnlyForDeploymentPostprocessing</key>
			<string>0</string>
		</dict>
		<key>bf86cebad8f6014ba2a7551c</key>
		<dict>
			<key>fileRef</key>
			<string>1DF5F4DF0D08C38300B7A737</string>
			<key>isa</key>
			<string>PBXBuildFile</string>
		</dict>
		<key>cfcaed7ad4eeff9c7bb36289</key>
		<dict>
			<key>fileRef</key>
			<string>E238A58A125BED4500055319</string>
			<key>isa</key>
			<string>PBXBuildFile</string>
		</dict>
		<key>d10bc8bdc690d81bc71361fb</key>
		<dict>
			<key>buildConfigurationList</key>
			<string>5d584e335d64ee6638cc3cea</string>
			<key>buildPhases</key>
			<array>
				<string>2fc4faf8cb7a19b1b9b1cf7d</string>
				<string>b8a878c07251c694447198f6</string>
				<string>35940750111132ea974aa342</string>
			</array>
			<key>buildRules</key>
			<array/>
			<key>dependencies</key>
			<array/>
			<key>isa</key>
			<string>PBXNativeTarget</string>
			<key>name</key>
			<string>SwipeableExample-cal</string>
			<key>productName</key>
			<string>SwipeableExample-cal</string>
			<key>productReference</key>
			<string>04684b8dc6cf480bb7ccb2e6</string>
			<key>productType</key>
			<string>com.apple.product-type.application</string>
		</dict>
		<key>d7d3b8fc2c3a763cc5be7511</key>
		<dict>
			<key>fileRef</key>
			<string>1D30AB110D05D00D00671497</string>
			<key>isa</key>
			<string>PBXBuildFile</string>
		</dict>
		<key>e78769b0ce6dc05f64af9043</key>
		<dict>
			<key>fileRef</key>
			<string>E204DB5E12ADC1820063A748</string>
			<key>isa</key>
			<string>PBXBuildFile</string>
		</dict>
		<key>ffa8bb52515b5211fd24c072</key>
		<dict>
			<key>fileRef</key>
			<string>28C286E00D94DF7D0034E888</string>
			<key>isa</key>
			<string>PBXBuildFile</string>
		</dict>
	</dict>
	<key>rootObject</key>
	<string>29B97313FDCFA39411CA2CEA</string>
</dict>
</plist>
